{
    "_meta": {
        "hash": {
            "sha256": "e5a423503e1c0a176b114490cf8757a0f5c2273d611d16edbe24264e444a3828"
        },
        "pipfile-spec": 6,
        "requires": {
            "python_version": "3.x"
        },
        "sources": [
            {
                "name": "MISO-4407-Proyecto-Final",
                "url": "https://pypi.org/simple",
                "verify_ssl": true
            }
        ]
    },
    "default": {
        "altgraph": {
            "hashes": [
                "sha256:1b5afbb98f6c4dcadb2e2ae6ab9fa994bbb8c1d75f4fa96d340f9437ae454406",
                "sha256:642743b4750de17e655e6711601b077bc6598dbfa3ba5fa2b2a35ce12b508dff"
            ],
            "index": "MISO-4407-Proyecto-Final",
            "version": "==0.17.4"
        },
        "esper": {
            "hashes": [
                "sha256:2ec1e06ed18d1ee194074be4a1783cce29083e8a9a21049eaa24a9d11f5b73fd",
                "sha256:e1046bab41f21289848728317678d4f56979e203b1df13a94859eaaa8fba2a2a"
            ],
            "index": "MISO-4407-Proyecto-Final",
            "version": "==2.5"
        },
        "packaging": {
            "hashes": [
                "sha256:09abb1bccd265c01f4a3aa3f7a7db064b36514d2cba19a2f694fe6150451a759",
                "sha256:c228a6dc5e932d346bc5739379109d49e8853dd8223571c7c5b55260edc0b97f"
            ],
            "index": "MISO-4407-Proyecto-Final",
            "markers": "python_version >= '3.8'",
            "version": "==24.2"
        },
        "pefile": {
            "hashes": [
                "sha256:82e6114004b3d6911c77c3953e3838654b04511b8b66e8583db70c65998017dc",
                "sha256:da185cd2af68c08a6cd4481f7325ed600a88f6a813bad9dea07ab3ef73d8d8d6"
            ],
            "index": "MISO-4407-Proyecto-Final",
            "markers": "python_full_version >= '3.6.0'",
            "version": "==2023.2.7"
        },
        "pygame": {
            "hashes": [
                "sha256:00827aba089355925902d533f9c41e79a799641f03746c50a374dc5c3362e43d",
                "sha256:10e3d2a55f001f6c0a6eb44aa79ea7607091c9352b946692acedb2ac1482f1c9",
                "sha256:1206125f14cae22c44565c9d333607f1d9f59487b1f1432945dfc809aeaa3e88",
                "sha256:14f9dda45469b254c0f15edaaeaa85d2cc072ff6a83584a265f5d684c7f7efd8",
                "sha256:15efaa11a80a65dd589a95bebe812fa5bfc7e14946b638a424c5bd9ac6cca1a4",
                "sha256:163e66de169bd5670c86e27d0b74aad0d2d745e3b63cf4e7eb5b2bff1231ca8d",
                "sha256:173badf82fa198e6888017bea40f511cb28e69ecdd5a72b214e81e4dcd66c3b1",
                "sha256:17498a2b043bc0e795faedef1b081199c688890200aef34991c1941caa2d2c89",
                "sha256:20349195326a5e82a16e351ed93465a7845a7e2a9af55b7bc1b2110ea3e344e1",
                "sha256:21160d9093533eb831f1b708e630706e5ac16b30750571ec27bc3b8364814f38",
                "sha256:27eb17e3dc9640e4b4683074f1890e2e879827447770470c2aba9f125f74510b",
                "sha256:28b43190436037e428a5be28fc80cf6615304fd528009f2c688cc828f4ff104b",
                "sha256:2a3a1288e2e9b1e5834e425bedd5ba01a3cd4902b5c2bff8ed4a740ccfe98171",
                "sha256:2a615d78b2364e86f541458ff41c2a46181b9a1e9eabd97b389282fdf04efbb3",
                "sha256:325a84d072d52e3c2921eff02f87c6a74b7e77d71db3bdf53801c6c975f1b6c4",
                "sha256:33006f784e1c7d7e466fcb61d5489da59cc5f7eb098712f792a225df1d4e229d",
                "sha256:3a9e7396be0d9633831c3f8d5d82dd63ba373ad65599628294b7a4f8a5a01a65",
                "sha256:3acd8c009317190c2bfd81db681ecef47d5eb108c2151d09596d9c7ea9df5c0e",
                "sha256:3bede70ec708057e305815d6546012669226d1d80566785feca9b044216062e7",
                "sha256:481cfe1bdbb7fe00acc5950c494c26f00240888619bdc396fc8c39a734797432",
                "sha256:4a8ea113b1bf627322a025a1a5a87e3818a7f55ab3a4077ff1ae5c8c60576614",
                "sha256:4c1623180e70a03c4a734deb9bac50fc9c82942ae84a3a220779062128e75f3b",
                "sha256:4ee7f2771f588c966fa2fa8b829be26698c9b4836f82ede5e4edc1a68594942e",
                "sha256:56fb02ead529cee00d415c3e007f75e0780c655909aaa8e8bf616ee09c9feb1f",
                "sha256:56ffca6059b165bbf64f4b4be23b8068f6a0e220780e4f96ec0bb5ac3c63ec39",
                "sha256:5d09fd950725d187aa5207c0cb8eb9ab0d2f8ce9ab8d189c30eeb470e71b617e",
                "sha256:6582aa71a681e02e55d43150a9ab41394e6bf4d783d2962a10aea58f424be060",
                "sha256:7103c60939bbc1e05cfc7ba3f1d2ad3bbf103b7828b82a7166a9ab6f51950146",
                "sha256:7bffdd3eaf394d9645331d1c3a5df9d782ebcc3c5a78f3b657c7879a828dd111",
                "sha256:811e7b925146d8149d79193652cbb83e0eca0aae66476b1cb310f0f4226b8b5c",
                "sha256:813af4fba5d0b2cb8e58f5d95f7910295c34067dcc290d34f1be59c48bd1ea6a",
                "sha256:816e85000c5d8b02a42b9834f761a5925ef3377d2924e3a7c4c143d2990ce5b8",
                "sha256:818b4eaec9c4acb6ac64805d4ca8edd4062bebca77bd815c18739fe2842c97e9",
                "sha256:84fc4054e25262140d09d39e094f6880d730199710829902f0d8ceae0213379e",
                "sha256:8a78fd030d98faab4a8e27878536fdff7518d3e062a72761c552f624ebba5a5f",
                "sha256:91476902426facd4bb0dad4dc3b2573bc82c95c71b135e0daaea072ed528d299",
                "sha256:94afd1177680d92f9214c54966ad3517d18210c4fbc5d84a0192d218e93647e0",
                "sha256:97ac4e13847b6b293ecaffa5ffce9886c98d09c03309406931cc592f0cea6366",
                "sha256:9beeb647e555afb5657111fa83acb74b99ad88761108eaea66472e8b8547b55b",
                "sha256:9dd5c054d4bd875a8caf978b82672f02bec332f52a833a76899220c460bb4b58",
                "sha256:a1bf7ab5311bbced70320f1a56701650b4c18231343ae5af42111eea91e0949a",
                "sha256:a4b8f04fceddd9a3ac30778d11f0254f59efcd1c382d5801271113cea8b4f2f3",
                "sha256:a620883d589926f157b8f1d1f543183ac52e5c30507dea445e3927ae0bee1c54",
                "sha256:ac3f033d2be4a9e23660a96afe2986df3a6916227538a6a0061bc218c5088507",
                "sha256:ae6039f3a55d800db80e8010f387557b528d34d534435e0871326804df2a62f2",
                "sha256:b46e68cd168f44d0224c670bb72186688fc692d7079715f79d04096757d703d0",
                "sha256:b7f9f8e6f76de36f4725175d686601214af362a4f30614b4dae2240198e72e6f",
                "sha256:bbb7167c92103a2091366e9af26d4914ba3776666e8677d3c93551353fffa626",
                "sha256:c0b11356ac96261162d54a2c2b41a41978f00525631b01ec9c4fe26b01c66595",
                "sha256:c31dbdb5d0217f32764797d21c2752e258e5fb7e895326538d82b5f75a0cd856",
                "sha256:c47a6938de93fa610accd4969e638c2aebcb29b2fca518a84c3a39d91ab47116",
                "sha256:c8040ea2ab18c6b255af706ec01355c8a6b08dc48d77fd4ee783f8fc46a843bf",
                "sha256:ce8cc108b92de9b149b344ad2e25eedbe773af0dc41dfb24d1f07f679b558c60",
                "sha256:d1a7f2b66ac2e4c9583b6d4c6d6f346fb10a3392c04163f537061f86a448ed5c",
                "sha256:d29eb9a93f12aa3d997b6e3c447ac85b2a4b142ab2548441523a8fcf5e216042",
                "sha256:da3ad64d685f84a34ebe5daacb39fff14f1251acb34c098d760d63fee768f50c",
                "sha256:ef07c0103d79492c21fced9ad68c11c32efa6801ca1920ebfd0f15fb46c78b1c",
                "sha256:f3935459109da4bb0b3901da9904f0a3e52028a3332a355d298b1673a334cf21",
                "sha256:f84f15d146d6aa93254008a626c56ef96fed276006202881a47b29757f0cd65a",
                "sha256:fb6e8d0547f30ddc845f4fd1e33070ef548233ad0dbf21f7ecea768883d1bbdc"
            ],
            "index": "MISO-4407-Proyecto-Final",
            "markers": "python_version >= '3.6'",
            "version": "==2.6.1"
        },
        "pygame-ce": {
            "hashes": [
                "sha256:047c587555e540269d4329ab82ada93887cc63af7dfa59a8e1110f765bae1911",
                "sha256:152bf5a8493508949013d78be1cd5b6406534cb00bfc064617412e73f4be55e9",
                "sha256:2c3c5506dec038cc0984393e76df067862907da9bfec7c7350fe573c4a4be50b",
                "sha256:2f6a5b88a0ee642774e6c518ccab0e86aade566af1c5d6aaea29a6040b7b6469",
                "sha256:303f65f85578994ca9f109456b3ac047c4bb601b74343c1ebdaaee6ad03b1982",
                "sha256:308f432559ae60ad04316777792d49df1f84f22bbb67a374a38ee15e8d97bdba",
                "sha256:32750dd7a9d952bfe09edc98c58415829794c47a7fdbc42acd37edc81599a294",
                "sha256:4326d7914a2ff8eea987bb4d16a1caa9a65921308eeb26c6d1f66cd6a1a5a930",
                "sha256:4f0c0e34008165b93a543d5ce526f8d6459662779c2f9ddc77ef3446329b2cc6",
                "sha256:51f6c17853d7b89f8f5f4c4575d16dc6626b1f46f65318eecf3d13c1bb757e96",
                "sha256:535f08cc7073b7ac1af16f20b561b2dbcb67de2d32ae0b2f46c91f14a87cbb70",
                "sha256:53fa67b76fb83181887a7481b6b48bc5ac57a8cc6cb33b83dba99bdd77382cc9",
                "sha256:54d34e0ea83cb4c833d8b44ddaef6f3b291c1fdcaed8babbd41e6d2773b4ee43",
                "sha256:683794536260c7334d3b11584ba7671413a2cc54c4e4172d54106d8fe5dfbfa4",
                "sha256:69ee891ac41587b96bff0373ef095c1a5589b256edcb5b3cfc62ef2646d394db",
                "sha256:6a2704eb65ace481372ca1cb66e1d3e6d67c54e457bf29d52256dd78731c83a9",
                "sha256:6a60622da82b16ebb5da95bd6f3a6fc41d312ec0505c9333ec0eeaed74c78123",
                "sha256:6a671e06f81b5c5e16aabe8fda6ddcbf3d500505ade8b55595d2a8a51d65449a",
                "sha256:6e58a2854a4cd0309128c1458774b3513cc5b117c3d0843d97496a39fcb396d4",
                "sha256:6ed3cc5b1c1c2580579569f76b2109843429cc66ca68e8bc7d9e0eb4224cae00",
                "sha256:76931818d0c7d2c239c3dd3046cc83419fd39c7a75dc4dca97e3899c98c4f36a",
                "sha256:777e6cb3285bdc866ecc07be41e0a988ed1ff2cd6fd9fe651c2d514e1828238f",
                "sha256:7b476879726b875b4feaa8e7362e3fced74dd05ef8824b666e175db947973bf5",
                "sha256:81f165ca6ce9d840f538568e9560c90d1d0cd04fb958142330c29a24c60564a1",
                "sha256:885790083a1517af6b1213ea4304712ee392868f8f512e501b79f0fe28c122bd",
                "sha256:8d94a30990f79906c420dddbc265fda2d5edb27dafa2fa83d79a76bc9820635c",
                "sha256:8f83cc9163126874179c158f395867d40eaf18eee10180ddaf488e21330f134c",
                "sha256:8f8ed4717295ee3d24c654ecfb008029417d1f51dcd3186f47656ff9488d43c1",
                "sha256:914ee1b38ad9c107ac4900aa491e4b0d22a1218645113afdb6028bed799eb27f",
                "sha256:95b0c14b9309bc378ac5bf8eaa176d52388f457cf67bc453a32a00f008e82ce6",
                "sha256:9d82ceee6f05cb8f5d600f1dbc691d69e78aed200a10ddf09135a5da61ee7d27",
                "sha256:9ea879d6168105c26f5f325ea2431bbb72d01082299751989495a23706997f90",
                "sha256:9fdaa6369506dc59a6f2dd76b839e1a3c262211137f5dcf9dd6d481618ccf43a",
                "sha256:ba123ab7f73de7d1811151133d8a6714a4cf8b143ac6a74d4ffaf3d922ed67a2",
                "sha256:be3b1722b29e47a7b559aa3f05141601ac1562e67a5b9bfc81e69523b897e5c9",
                "sha256:becd05aae138aac03fef3abcba5b75c80d9025e4e10457ea85fcc2678cd386a3",
                "sha256:c072de4d6fd752924150b9055d751328f113ae259ea60fc64dd7221eaca5d142",
                "sha256:c3ccb1f170cc3fd52d4c4c8575e29689b90b04db089b3c3cbb331955fdde244f",
                "sha256:c479fa44856fff28ddbf635a09e3f615e19a6cbd469149234000073ff97c4a1d",
                "sha256:c6b8832dc5a90ef0b3dadccdf3eae4edac24005f80004e3b111e100b861e7628",
                "sha256:cae06a78dfa7845c3da5a4afd87f6388ccea24966768003d9f57df8543d4feef",
                "sha256:ce654f5c06c78e1f934b5ac51b7e0fe2c75957c5aa8fbebeb1d6b37a0ba92d71",
                "sha256:d2cca1789ab4f3709c3b624743469a00753c5886f6cbd19d3f2f6c98571ad5a5",
                "sha256:dc04f0bf1a270a84eb371556298a9902b9c4ab08137c9dd10ef03fa4e7fcbfed",
                "sha256:e2d25dd15fffc0e0e528d41941943b3775874aa66e171a5e8f86845fbc93518f",
                "sha256:e91f4e0124102b8f65ba7618a656416bdae2826a5b3ab922b41d2b6dd06b5cef",
                "sha256:e9650fcb3d12bada2252911b1673ee505e69649c2d408ff8674c8fbefbe87092",
                "sha256:f650c8acb226e74967cdaeb90bdd126b039f3f76d461f99e3a355064cf9381ba"
            ],
            "index": "MISO-4407-Proyecto-Final",
            "markers": "python_version >= '3.9'",
            "version": "==2.5.3"
        },
        "pygbag": {
            "hashes": [
                "sha256:0e31860742a8ba9c527135cbb6d64f6d7d8d7b23b71ee87a15f1de9474690c25",
                "sha256:3a60a80cc28ed21e3d5d98c08a5d8f857911e38e411b6e590ba640158e8656c1"
            ],
            "index": "MISO-4407-Proyecto-Final",
            "markers": "python_version >= '3.8'",
            "version": "==0.9.2"
        },
        "pyinstaller": {
            "hashes": [
                "sha256:0c271896a3a168f4f91827145702543db9c5427f4c7372a6df8c75925a3ac18a",
                "sha256:0e62d3906309248409f215b386f33afec845214e69cc0f296b93222b26a88f43",
                "sha256:138856a5a503bb69c066377e0a22671b0db063e9cc14d5cf5c798a53561200d3",
                "sha256:1834797be48ce1b26015af68bdeb3c61a6c7500136f04e0fc65e468115dec777",
                "sha256:68f1e4cecf88a6272063977fa2a2c69ad37cf568e5901769d7206d0314c74f47",
                "sha256:83c7f3bde9871b4a6aa71c66a96e8ba5c21668ce711ed97f510b9382d10aac6c",
                "sha256:8e92e9873a616547bbabbb5a3a9843d5f2ab40c3d8b26810acdf0fe257bee4cf",
                "sha256:a2abf5fde31a8b38b6df7939bcef8ac1d0c51e97e25317ce3555cd675259750f",
                "sha256:a69818815c6e0711c727edc30680cb1f81c691b59de35db81a2d9e0ae26a9ef1",
                "sha256:aefe502d55c9cf6aeaed7feba80b5f8491ce43f8f2b5fe2d9aadca3ee5a05bc4",
                "sha256:dac8a27988dbc33cdc34f2046803258bc3f6829de24de52745a5daa22bdba0f1",
                "sha256:fea76fc9b55ffa730fcf90beb897cce4399938460b0b6f40507fbebfc752c753"
            ],
            "index": "MISO-4407-Proyecto-Final",
            "markers": "python_version < '3.14' and python_version >= '3.8'",
            "version": "==6.12.0"
        },
        "pyinstaller-hooks-contrib": {
            "hashes": [
                "sha256:0b2bc7697075de5eb071ff13ef4a156d3beae6c19c7cbdcd70f37978d2013e30",
                "sha256:ccdd41bc30290f725f3e48f4a39985d11855af81d614d167e3021e303acb9102"
            ],
            "index": "MISO-4407-Proyecto-Final",
            "markers": "python_version >= '3.8'",
            "version": "==2025.2"
        },
        "pywin32-ctypes": {
            "hashes": [
                "sha256:8a1513379d709975552d202d942d9837758905c8d01eb82b8bcc30918929e7b8",
                "sha256:d162dc04946d704503b2edc4d55f3dba5c1d539ead017afa00142c38b9885755"
            ],
            "index": "MISO-4407-Proyecto-Final",
            "markers": "python_version >= '3.6'",
            "version": "==0.2.3"
        },
        "setuptools": {
            "hashes": [
                "sha256:ca5cc1069b85dc23070a6628e6bcecb3292acac802399c7f8edc0100619f9009",
                "sha256:f6ffc5f0142b1bd8d0ca94ee91b30c0ca862ffd50826da1ea85258a06fd94552"
            ],
            "markers": "python_version >= '3.9'",
            "version": "==80.7.1"
        }
    },
    "develop": {}
}
